// !$*UTF8*$!
{
	archiveVersion = 1;
	classes = {
	};
	objectVersion = 77;
	objects = {

/* Begin PBXBuildFile section */
		8D4279862CEB89DC0049943B /* CoreXLSX in Frameworks */ = {isa = PBXBuildFile; productRef = 8D4279852CEB89DC0049943B /* CoreXLSX */; };
		8D92F7CD2CE26E2000288423 /* GoogleMobileAds in Frameworks */ = {isa = PBXBuildFile; productRef = 8D92F7CC2CE26E2000288423 /* GoogleMobileAds */; };
		8DC4598F2CE00DCB002322B9 /* FirebaseAnalytics in Frameworks */ = {isa = PBXBuildFile; productRef = 8DC4598E2CE00DCB002322B9 /* FirebaseAnalytics */; };
		8DC459912CE00DCB002322B9 /* FirebaseAppCheck in Frameworks */ = {isa = PBXBuildFile; productRef = 8DC459902CE00DCB002322B9 /* FirebaseAppCheck */; };
		8DC459932CE00DCB002322B9 /* FirebaseCore in Frameworks */ = {isa = PBXBuildFile; productRef = 8DC459922CE00DCB002322B9 /* FirebaseCore */; };
		8DC459952CE00DCB002322B9 /* FirebaseCrashlytics in Frameworks */ = {isa = PBXBuildFile; productRef = 8DC459942CE00DCB002322B9 /* FirebaseCrashlytics */; };
		8DC459972CE00DCB002322B9 /* FirebaseDatabase in Frameworks */ = {isa = PBXBuildFile; productRef = 8DC459962CE00DCB002322B9 /* FirebaseDatabase */; };
		8DC459992CE00DCB002322B9 /* FirebaseFirestoreCombine-Community in Frameworks */ = {isa = PBXBuildFile; productRef = 8DC459982CE00DCB002322B9 /* FirebaseFirestoreCombine-Community */; };
		8DC4599B2CE00DCB002322B9 /* FirebaseFunctionsCombine-Community in Frameworks */ = {isa = PBXBuildFile; productRef = 8DC4599A2CE00DCB002322B9 /* FirebaseFunctionsCombine-Community */; };
		8DC4599D2CE00DCB002322B9 /* FirebaseRemoteConfig in Frameworks */ = {isa = PBXBuildFile; productRef = 8DC4599C2CE00DCB002322B9 /* FirebaseRemoteConfig */; };
		8DC4599F2CE00DCB002322B9 /* FirebaseStorageCombine-Community in Frameworks */ = {isa = PBXBuildFile; productRef = 8DC4599E2CE00DCB002322B9 /* FirebaseStorageCombine-Community */; };
		8DC459A22CE00DE1002322B9 /* RevenueCat in Frameworks */ = {isa = PBXBuildFile; productRef = 8DC459A12CE00DE1002322B9 /* RevenueCat */; };
		8DC459A42CE00DE1002322B9 /* RevenueCatUI in Frameworks */ = {isa = PBXBuildFile; productRef = 8DC459A32CE00DE1002322B9 /* RevenueCatUI */; };
/* End PBXBuildFile section */

/* Begin PBXFileReference section */
		8D8010202CDD3DE300B957C2 /* Snap Check Money Under Control.app */ = {isa = PBXFileReference; explicitFileType = wrapper.application; includeInIndex = 0; path = "Snap Check Money Under Control.app"; sourceTree = BUILT_PRODUCTS_DIR; };
/* End PBXFileReference section */

/* Begin PBXFileSystemSynchronizedRootGroup section */
		8D8010222CDD3DE300B957C2 /* Snap Check Money Under Control */ = {
			isa = PBXFileSystemSynchronizedRootGroup;
			path = "Snap Check Money Under Control";
			sourceTree = "<group>";
		};
/* End PBXFileSystemSynchronizedRootGroup section */

/* Begin PBXFrameworksBuildPhase section */
		8D80101D2CDD3DE300B957C2 /* Frameworks */ = {
			isa = PBXFrameworksBuildPhase;
			buildActionMask = 2147483647;
			files = (
				8D92F7CD2CE26E2000288423 /* GoogleMobileAds in Frameworks */,
				8DC4599B2CE00DCB002322B9 /* FirebaseFunctionsCombine-Community in Frameworks */,
				8DC459972CE00DCB002322B9 /* FirebaseDatabase in Frameworks */,
				8DC459A22CE00DE1002322B9 /* RevenueCat in Frameworks */,
				8DC459A42CE00DE1002322B9 /* RevenueCatUI in Frameworks */,
				8DC459912CE00DCB002322B9 /* FirebaseAppCheck in Frameworks */,
				8DC459952CE00DCB002322B9 /* FirebaseCrashlytics in Frameworks */,
				8DC459992CE00DCB002322B9 /* FirebaseFirestoreCombine-Community in Frameworks */,
				8DC459932CE00DCB002322B9 /* FirebaseCore in Frameworks */,
				8D4279862CEB89DC0049943B /* CoreXLSX in Frameworks */,
				8DC4598F2CE00DCB002322B9 /* FirebaseAnalytics in Frameworks */,
				8DC4599F2CE00DCB002322B9 /* FirebaseStorageCombine-Community in Frameworks */,
				8DC4599D2CE00DCB002322B9 /* FirebaseRemoteConfig in Frameworks */,
			);
			runOnlyForDeploymentPostprocessing = 0;
		};
/* End PBXFrameworksBuildPhase section */

/* Begin PBXGroup section */
		8D8010172CDD3DE300B957C2 = {
			isa = PBXGroup;
			children = (
				8D8010222CDD3DE300B957C2 /* Snap Check Money Under Control */,
				8D8010212CDD3DE300B957C2 /* Products */,
			);
			sourceTree = "<group>";
		};
		8D8010212CDD3DE300B957C2 /* Products */ = {
			isa = PBXGroup;
			children = (
				8D8010202CDD3DE300B957C2 /* Snap Check Money Under Control.app */,
			);
			name = Products;
			sourceTree = "<group>";
		};
/* End PBXGroup section */

/* Begin PBXNativeTarget section */
		8D80101F2CDD3DE300B957C2 /* Snap Check Money Under Control */ = {
			isa = PBXNativeTarget;
			buildConfigurationList = 8D80102E2CDD3DE400B957C2 /* Build configuration list for PBXNativeTarget "Snap Check Money Under Control" */;
			buildPhases = (
				8D80101C2CDD3DE300B957C2 /* Sources */,
				8D80101D2CDD3DE300B957C2 /* Frameworks */,
				8D80101E2CDD3DE300B957C2 /* Resources */,
			);
			buildRules = (
			);
			dependencies = (
			);
			fileSystemSynchronizedGroups = (
				8D8010222CDD3DE300B957C2 /* Snap Check Money Under Control */,
			);
			name = "Snap Check Money Under Control";
			packageProductDependencies = (
				8DC4598E2CE00DCB002322B9 /* FirebaseAnalytics */,
				8DC459902CE00DCB002322B9 /* FirebaseAppCheck */,
				8DC459922CE00DCB002322B9 /* FirebaseCore */,
				8DC459942CE00DCB002322B9 /* FirebaseCrashlytics */,
				8DC459962CE00DCB002322B9 /* FirebaseDatabase */,
				8DC459982CE00DCB002322B9 /* FirebaseFirestoreCombine-Community */,
				8DC4599A2CE00DCB002322B9 /* FirebaseFunctionsCombine-Community */,
				8DC4599C2CE00DCB002322B9 /* FirebaseRemoteConfig */,
				8DC4599E2CE00DCB002322B9 /* FirebaseStorageCombine-Community */,
				8DC459A12CE00DE1002322B9 /* RevenueCat */,
				8DC459A32CE00DE1002322B9 /* RevenueCatUI */,
				8D92F7CC2CE26E2000288423 /* GoogleMobileAds */,
				8D4279852CEB89DC0049943B /* CoreXLSX */,
			);
			productName = "Snap Check Money Under Control";
			productReference = 8D8010202CDD3DE300B957C2 /* Snap Check Money Under Control.app */;
			productType = "com.apple.product-type.application";
		};
/* End PBXNativeTarget section */

/* Begin PBXProject section */
		8D8010182CDD3DE300B957C2 /* Project object */ = {
			isa = PBXProject;
			attributes = {
				BuildIndependentTargetsInParallel = 1;
				LastSwiftUpdateCheck = 1600;
				LastUpgradeCheck = 1600;
				TargetAttributes = {
					8D80101F2CDD3DE300B957C2 = {
						CreatedOnToolsVersion = 16.0;
					};
				};
			};
			buildConfigurationList = 8D80101B2CDD3DE300B957C2 /* Build configuration list for PBXProject "Snap Check Money Under Control" */;
			developmentRegion = en;
			hasScannedForEncodings = 0;
			knownRegions = (
				en,
				Base,
			);
			mainGroup = 8D8010172CDD3DE300B957C2;
			minimizedProjectReferenceProxies = 1;
			packageReferences = (
				8DC4598D2CE00DCB002322B9 /* XCRemoteSwiftPackageReference "firebase-ios-sdk" */,
				8DC459A02CE00DE1002322B9 /* XCRemoteSwiftPackageReference "purchases-ios" */,
				8D92F7CB2CE26E2000288423 /* XCRemoteSwiftPackageReference "swift-package-manager-google-mobile-ads" */,
				8D4279842CEB89DC0049943B /* XCRemoteSwiftPackageReference "CoreXLSX" */,
			);
			preferredProjectObjectVersion = 77;
			productRefGroup = 8D8010212CDD3DE300B957C2 /* Products */;
			projectDirPath = "";
			projectRoot = "";
			targets = (
				8D80101F2CDD3DE300B957C2 /* Snap Check Money Under Control */,
			);
		};
/* End PBXProject section */

/* Begin PBXResourcesBuildPhase section */
		8D80101E2CDD3DE300B957C2 /* Resources */ = {
			isa = PBXResourcesBuildPhase;
			buildActionMask = 2147483647;
			files = (
			);
			runOnlyForDeploymentPostprocessing = 0;
		};
/* End PBXResourcesBuildPhase section */

/* Begin PBXSourcesBuildPhase section */
		8D80101C2CDD3DE300B957C2 /* Sources */ = {
			isa = PBXSourcesBuildPhase;
			buildActionMask = 2147483647;
			files = (
			);
			runOnlyForDeploymentPostprocessing = 0;
		};
/* End PBXSourcesBuildPhase section */

/* Begin XCBuildConfiguration section */
		8D80102C2CDD3DE400B957C2 /* Debug */ = {
			isa = XCBuildConfiguration;
			buildSettings = {
				ALWAYS_SEARCH_USER_PATHS = NO;
				ASSETCATALOG_COMPILER_GENERATE_SWIFT_ASSET_SYMBOL_EXTENSIONS = YES;
				CLANG_ANALYZER_NONNULL = YES;
				CLANG_ANALYZER_NUMBER_OBJECT_CONVERSION = YES_AGGRESSIVE;
				CLANG_CXX_LANGUAGE_STANDARD = "gnu++20";
				CLANG_ENABLE_MODULES = YES;
				CLANG_ENABLE_OBJC_ARC = YES;
				CLANG_ENABLE_OBJC_WEAK = YES;
				CLANG_WARN_BLOCK_CAPTURE_AUTORELEASING = YES;
				CLANG_WARN_BOOL_CONVERSION = YES;
				CLANG_WARN_COMMA = YES;
				CLANG_WARN_CONSTANT_CONVERSION = YES;
				CLANG_WARN_DEPRECATED_OBJC_IMPLEMENTATIONS = YES;
				CLANG_WARN_DIRECT_OBJC_ISA_USAGE = YES_ERROR;
				CLANG_WARN_DOCUMENTATION_COMMENTS = YES;
				CLANG_WARN_EMPTY_BODY = YES;
				CLANG_WARN_ENUM_CONVERSION = YES;
				CLANG_WARN_INFINITE_RECURSION = YES;
				CLANG_WARN_INT_CONVERSION = YES;
				CLANG_WARN_NON_LITERAL_NULL_CONVERSION = YES;
				CLANG_WARN_OBJC_IMPLICIT_RETAIN_SELF = YES;
				CLANG_WARN_OBJC_LITERAL_CONVERSION = YES;
				CLANG_WARN_OBJC_ROOT_CLASS = YES_ERROR;
				CLANG_WARN_QUOTED_INCLUDE_IN_FRAMEWORK_HEADER = YES;
				CLANG_WARN_RANGE_LOOP_ANALYSIS = YES;
				CLANG_WARN_STRICT_PROTOTYPES = YES;
				CLANG_WARN_SUSPICIOUS_MOVE = YES;
				CLANG_WARN_UNGUARDED_AVAILABILITY = YES_AGGRESSIVE;
				CLANG_WARN_UNREACHABLE_CODE = YES;
				CLANG_WARN__DUPLICATE_METHOD_MATCH = YES;
				COPY_PHASE_STRIP = NO;
				DEBUG_INFORMATION_FORMAT = "dwarf-with-dsym";
				ENABLE_STRICT_OBJC_MSGSEND = YES;
				ENABLE_TESTABILITY = YES;
				ENABLE_USER_SCRIPT_SANDBOXING = YES;
				GCC_C_LANGUAGE_STANDARD = gnu17;
				GCC_DYNAMIC_NO_PIC = NO;
				GCC_NO_COMMON_BLOCKS = YES;
				GCC_OPTIMIZATION_LEVEL = 0;
				GCC_PREPROCESSOR_DEFINITIONS = (
					"DEBUG=1",
					"$(inherited)",
				);
				GCC_WARN_64_TO_32_BIT_CONVERSION = YES;
				GCC_WARN_ABOUT_RETURN_TYPE = YES_ERROR;
				GCC_WARN_UNDECLARED_SELECTOR = YES;
				GCC_WARN_UNINITIALIZED_AUTOS = YES_AGGRESSIVE;
				GCC_WARN_UNUSED_FUNCTION = YES;
				GCC_WARN_UNUSED_VARIABLE = YES;
				IPHONEOS_DEPLOYMENT_TARGET = 17.6;
				LOCALIZATION_PREFERS_STRING_CATALOGS = YES;
				MTL_ENABLE_DEBUG_INFO = INCLUDE_SOURCE;
				MTL_FAST_MATH = YES;
				ONLY_ACTIVE_ARCH = YES;
				SDKROOT = iphoneos;
				SWIFT_ACTIVE_COMPILATION_CONDITIONS = "DEBUG $(inherited)";
				SWIFT_OPTIMIZATION_LEVEL = "-Onone";
			};
			name = Debug;
		};
		8D80102D2CDD3DE400B957C2 /* Release */ = {
			isa = XCBuildConfiguration;
			buildSettings = {
				ALWAYS_SEARCH_USER_PATHS = NO;
				ASSETCATALOG_COMPILER_GENERATE_SWIFT_ASSET_SYMBOL_EXTENSIONS = YES;
				CLANG_ANALYZER_NONNULL = YES;
				CLANG_ANALYZER_NUMBER_OBJECT_CONVERSION = YES_AGGRESSIVE;
				CLANG_CXX_LANGUAGE_STANDARD = "gnu++20";
				CLANG_ENABLE_MODULES = YES;
				CLANG_ENABLE_OBJC_ARC = YES;
				CLANG_ENABLE_OBJC_WEAK = YES;
				CLANG_WARN_BLOCK_CAPTURE_AUTORELEASING = YES;
				CLANG_WARN_BOOL_CONVERSION = YES;
				CLANG_WARN_COMMA = YES;
				CLANG_WARN_CONSTANT_CONVERSION = YES;
				CLANG_WARN_DEPRECATED_OBJC_IMPLEMENTATIONS = YES;
				CLANG_WARN_DIRECT_OBJC_ISA_USAGE = YES_ERROR;
				CLANG_WARN_DOCUMENTATION_COMMENTS = YES;
				CLANG_WARN_EMPTY_BODY = YES;
				CLANG_WARN_ENUM_CONVERSION = YES;
				CLANG_WARN_INFINITE_RECURSION = YES;
				CLANG_WARN_INT_CONVERSION = YES;
				CLANG_WARN_NON_LITERAL_NULL_CONVERSION = YES;
				CLANG_WARN_OBJC_IMPLICIT_RETAIN_SELF = YES;
				CLANG_WARN_OBJC_LITERAL_CONVERSION = YES;
				CLANG_WARN_OBJC_ROOT_CLASS = YES_ERROR;
				CLANG_WARN_QUOTED_INCLUDE_IN_FRAMEWORK_HEADER = YES;
				CLANG_WARN_RANGE_LOOP_ANALYSIS = YES;
				CLANG_WARN_STRICT_PROTOTYPES = YES;
				CLANG_WARN_SUSPICIOUS_MOVE = YES;
				CLANG_WARN_UNGUARDED_AVAILABILITY = YES_AGGRESSIVE;
				CLANG_WARN_UNREACHABLE_CODE = YES;
				CLANG_WARN__DUPLICATE_METHOD_MATCH = YES;
				COPY_PHASE_STRIP = NO;
				DEBUG_INFORMATION_FORMAT = "dwarf-with-dsym";
				ENABLE_NS_ASSERTIONS = NO;
				ENABLE_STRICT_OBJC_MSGSEND = YES;
				ENABLE_USER_SCRIPT_SANDBOXING = YES;
				GCC_C_LANGUAGE_STANDARD = gnu17;
				GCC_NO_COMMON_BLOCKS = YES;
				GCC_WARN_64_TO_32_BIT_CONVERSION = YES;
				GCC_WARN_ABOUT_RETURN_TYPE = YES_ERROR;
				GCC_WARN_UNDECLARED_SELECTOR = YES;
				GCC_WARN_UNINITIALIZED_AUTOS = YES_AGGRESSIVE;
				GCC_WARN_UNUSED_FUNCTION = YES;
				GCC_WARN_UNUSED_VARIABLE = YES;
				IPHONEOS_DEPLOYMENT_TARGET = 17.6;
				LOCALIZATION_PREFERS_STRING_CATALOGS = YES;
				MTL_ENABLE_DEBUG_INFO = NO;
				MTL_FAST_MATH = YES;
				SDKROOT = iphoneos;
				SWIFT_COMPILATION_MODE = wholemodule;
				VALIDATE_PRODUCT = YES;
			};
			name = Release;
		};
		8D80102F2CDD3DE400B957C2 /* Debug */ = {
			isa = XCBuildConfiguration;
			buildSettings = {
				ASSETCATALOG_COMPILER_APPICON_NAME = AppIcon;
				ASSETCATALOG_COMPILER_GLOBAL_ACCENT_COLOR_NAME = AccentColor;
				CODE_SIGN_STYLE = Automatic;
				CURRENT_PROJECT_VERSION = 7;
				DEVELOPMENT_ASSET_PATHS = "\"Snap Check Money Under Control/Preview Content\"";
				DEVELOPMENT_TEAM = 8HZT3TR2ZJ;
				ENABLE_PREVIEWS = YES;
				GENERATE_INFOPLIST_FILE = YES;
				INFOPLIST_FILE = "Snap-Check-Money-Under-Control-Info.plist";
				INFOPLIST_KEY_CFBundleDisplayName = "Snap Check";
				INFOPLIST_KEY_LSApplicationCategoryType = "public.app-category.finance";
				INFOPLIST_KEY_NSCameraUsageDescription = "We need access to your camera to take check photos";
				INFOPLIST_KEY_NSPhotoLibraryUsageDescription = "For Checks in from photo library";
				INFOPLIST_KEY_UIApplicationSceneManifest_Generation = YES;
				INFOPLIST_KEY_UIApplicationSupportsIndirectInputEvents = YES;
				INFOPLIST_KEY_UILaunchScreen_Generation = YES;
				INFOPLIST_KEY_UISupportedInterfaceOrientations = UIInterfaceOrientationPortrait;
				INFOPLIST_KEY_UISupportedInterfaceOrientations_iPad = "UIInterfaceOrientationLandscapeLeft UIInterfaceOrientationLandscapeRight UIInterfaceOrientationPortrait UIInterfaceOrientationPortraitUpsideDown";
				LD_RUNPATH_SEARCH_PATHS = (
					"$(inherited)",
					"@executable_path/Frameworks",
				);
				MARKETING_VERSION = 1.0;
				PRODUCT_BUNDLE_IDENTIFIER = "Wellbeing-Vantage.Snap-Check-Money-Under-Control";
				PRODUCT_NAME = "$(TARGET_NAME)";
				SUPPORTED_PLATFORMS = "iphoneos iphonesimulator";
				SUPPORTS_MACCATALYST = NO;
				SUPPORTS_MAC_DESIGNED_FOR_IPHONE_IPAD = NO;
				SUPPORTS_XR_DESIGNED_FOR_IPHONE_IPAD = NO;
				SWIFT_EMIT_LOC_STRINGS = YES;
				SWIFT_VERSION = 5.0;
				TARGETED_DEVICE_FAMILY = 1;
			};
			name = Debug;
		};
		8D8010302CDD3DE400B957C2 /* Release */ = {
			isa = XCBuildConfiguration;
			buildSettings = {
				ASSETCATALOG_COMPILER_APPICON_NAME = AppIcon;
				ASSETCATALOG_COMPILER_GLOBAL_ACCENT_COLOR_NAME = AccentColor;
				CODE_SIGN_STYLE = Automatic;
				CURRENT_PROJECT_VERSION = 7;
				DEVELOPMENT_ASSET_PATHS = "\"Snap Check Money Under Control/Preview Content\"";
				DEVELOPMENT_TEAM = 8HZT3TR2ZJ;
				ENABLE_PREVIEWS = YES;
				GENERATE_INFOPLIST_FILE = YES;
				INFOPLIST_FILE = "Snap-Check-Money-Under-Control-Info.plist";
				INFOPLIST_KEY_CFBundleDisplayName = "Snap Check";
				INFOPLIST_KEY_LSApplicationCategoryType = "public.app-category.finance";
				INFOPLIST_KEY_NSCameraUsageDescription = "We need access to your camera to take check photos";
				INFOPLIST_KEY_NSPhotoLibraryUsageDescription = "For Checks in from photo library";
				INFOPLIST_KEY_UIApplicationSceneManifest_Generation = YES;
				INFOPLIST_KEY_UIApplicationSupportsIndirectInputEvents = YES;
				INFOPLIST_KEY_UILaunchScreen_Generation = YES;
				INFOPLIST_KEY_UISupportedInterfaceOrientations = UIInterfaceOrientationPortrait;
				INFOPLIST_KEY_UISupportedInterfaceOrientations_iPad = "UIInterfaceOrientationLandscapeLeft UIInterfaceOrientationLandscapeRight UIInterfaceOrientationPortrait UIInterfaceOrientationPortraitUpsideDown";
				LD_RUNPATH_SEARCH_PATHS = (
					"$(inherited)",
					"@executable_path/Frameworks",
				);
				MARKETING_VERSION = 1.0;
				PRODUCT_BUNDLE_IDENTIFIER = "Wellbeing-Vantage.Snap-Check-Money-Under-Control";
				PRODUCT_NAME = "$(TARGET_NAME)";
				SUPPORTED_PLATFORMS = "iphoneos iphonesimulator";
				SUPPORTS_MACCATALYST = NO;
				SUPPORTS_MAC_DESIGNED_FOR_IPHONE_IPAD = NO;
				SUPPORTS_XR_DESIGNED_FOR_IPHONE_IPAD = NO;
				SWIFT_EMIT_LOC_STRINGS = YES;
				SWIFT_VERSION = 5.0;
				TARGETED_DEVICE_FAMILY = 1;
			};
			name = Release;
		};
/* End XCBuildConfiguration section */

/* Begin XCConfigurationList section */
		8D80101B2CDD3DE300B957C2 /* Build configuration list for PBXProject "Snap Check Money Under Control" */ = {
			isa = XCConfigurationList;
			buildConfigurations = (
				8D80102C2CDD3DE400B957C2 /* Debug */,
				8D80102D2CDD3DE400B957C2 /* Release */,
			);
			defaultConfigurationIsVisible = 0;
			defaultConfigurationName = Release;
		};
		8D80102E2CDD3DE400B957C2 /* Build configuration list for PBXNativeTarget "Snap Check Money Under Control" */ = {
			isa = XCConfigurationList;
			buildConfigurations = (
				8D80102F2CDD3DE400B957C2 /* Debug */,
				8D8010302CDD3DE400B957C2 /* Release */,
			);
			defaultConfigurationIsVisible = 0;
			defaultConfigurationName = Release;
		};
/* End XCConfigurationList section */

/* Begin XCRemoteSwiftPackageReference section */
		8D4279842CEB89DC0049943B /* XCRemoteSwiftPackageReference "CoreXLSX" */ = {
			isa = XCRemoteSwiftPackageReference;
			repositoryURL = "https://github.com/CoreOffice/CoreXLSX.git";
			requirement = {
				kind = upToNextMajorVersion;
				minimumVersion = 0.14.2;
			};
		};
		8D92F7CB2CE26E2000288423 /* XCRemoteSwiftPackageReference "swift-package-manager-google-mobile-ads" */ = {
			isa = XCRemoteSwiftPackageReference;
			repositoryURL = "https://github.com/googleads/swift-package-manager-google-mobile-ads.git";
			requirement = {
				kind = upToNextMajorVersion;
				minimumVersion = 11.12.0;
			};
		};
		8DC4598D2CE00DCB002322B9 /* XCRemoteSwiftPackageReference "firebase-ios-sdk" */ = {
			isa = XCRemoteSwiftPackageReference;
			repositoryURL = "https://github.com/firebase/firebase-ios-sdk.git";
			requirement = {
				kind = upToNextMajorVersion;
				minimumVersion = 11.4.0;
			};
		};
		8DC459A02CE00DE1002322B9 /* XCRemoteSwiftPackageReference "purchases-ios" */ = {
			isa = XCRemoteSwiftPackageReference;
			repositoryURL = "https://github.com/RevenueCat/purchases-ios.git";
			requirement = {
				kind = upToNextMajorVersion;
				minimumVersion = 5.8.0;
			};
		};
/* End XCRemoteSwiftPackageReference section */

/* Begin XCSwiftPackageProductDependency section */
		8D4279852CEB89DC0049943B /* CoreXLSX */ = {
			isa = XCSwiftPackageProductDependency;
			package = 8D4279842CEB89DC0049943B /* XCRemoteSwiftPackageReference "CoreXLSX" */;
			productName = CoreXLSX;
		};
		8D92F7CC2CE26E2000288423 /* GoogleMobileAds */ = {
			isa = XCSwiftPackageProductDependency;
			package = 8D92F7CB2CE26E2000288423 /* XCRemoteSwiftPackageReference "swift-package-manager-google-mobile-ads" */;
			productName = GoogleMobileAds;
		};
		8DC4598E2CE00DCB002322B9 /* FirebaseAnalytics */ = {
			isa = XCSwiftPackageProductDependency;
			package = 8DC4598D2CE00DCB002322B9 /* XCRemoteSwiftPackageReference "firebase-ios-sdk" */;
			productName = FirebaseAnalytics;
		};
		8DC459902CE00DCB002322B9 /* FirebaseAppCheck */ = {
			isa = XCSwiftPackageProductDependency;
			package = 8DC4598D2CE00DCB002322B9 /* XCRemoteSwiftPackageReference "firebase-ios-sdk" */;
			productName = FirebaseAppCheck;
		};
		8DC459922CE00DCB002322B9 /* FirebaseCore */ = {
			isa = XCSwiftPackageProductDependency;
			package = 8DC4598D2CE00DCB002322B9 /* XCRemoteSwiftPackageReference "firebase-ios-sdk" */;
			productName = FirebaseCore;
		};
		8DC459942CE00DCB002322B9 /* FirebaseCrashlytics */ = {
			isa = XCSwiftPackageProductDependency;
			package = 8DC4598D2CE00DCB002322B9 /* XCRemoteSwiftPackageReference "firebase-ios-sdk" */;
			productName = FirebaseCrashlytics;
		};
		8DC459962CE00DCB002322B9 /* FirebaseDatabase */ = {
			isa = XCSwiftPackageProductDependency;
			package = 8DC4598D2CE00DCB002322B9 /* XCRemoteSwiftPackageReference "firebase-ios-sdk" */;
			productName = FirebaseDatabase;
		};
		8DC459982CE00DCB002322B9 /* FirebaseFirestoreCombine-Community */ = {
			isa = XCSwiftPackageProductDependency;
			package = 8DC4598D2CE00DCB002322B9 /* XCRemoteSwiftPackageReference "firebase-ios-sdk" */;
			productName = "FirebaseFirestoreCombine-Community";
		};
		8DC4599A2CE00DCB002322B9 /* FirebaseFunctionsCombine-Community */ = {
			isa = XCSwiftPackageProductDependency;
			package = 8DC4598D2CE00DCB002322B9 /* XCRemoteSwiftPackageReference "firebase-ios-sdk" */;
			productName = "FirebaseFunctionsCombine-Community";
		};
		8DC4599C2CE00DCB002322B9 /* FirebaseRemoteConfig */ = {
			isa = XCSwiftPackageProductDependency;
			package = 8DC4598D2CE00DCB002322B9 /* XCRemoteSwiftPackageReference "firebase-ios-sdk" */;
			productName = FirebaseRemoteConfig;
		};
		8DC4599E2CE00DCB002322B9 /* FirebaseStorageCombine-Community */ = {
			isa = XCSwiftPackageProductDependency;
			package = 8DC4598D2CE00DCB002322B9 /* XCRemoteSwiftPackageReference "firebase-ios-sdk" */;
			productName = "FirebaseStorageCombine-Community";
		};
		8DC459A12CE00DE1002322B9 /* RevenueCat */ = {
			isa = XCSwiftPackageProductDependency;
			package = 8DC459A02CE00DE1002322B9 /* XCRemoteSwiftPackageReference "purchases-ios" */;
			productName = RevenueCat;
		};
		8DC459A32CE00DE1002322B9 /* RevenueCatUI */ = {
			isa = XCSwiftPackageProductDependency;
			package = 8DC459A02CE00DE1002322B9 /* XCRemoteSwiftPackageReference "purchases-ios" */;
			productName = RevenueCatUI;
		};
/* End XCSwiftPackageProductDependency section */
	};
	rootObject = 8D8010182CDD3DE300B957C2 /* Project object */;
}
